
Microsoft Visual Studio Solution File, Format Version 12.00
# Visual Studio Version 17
VisualStudioVersion = 17.0.31903.59
MinimumVisualStudioVersion = 10.0.40219.1
Project("{FAE04EC0-301F-11D3-BF4B-00C04F79EFBC}") = "AddTwoNumber.Core", "AddTwoNumber.Core\AddTwoNumber.Core.csproj", "{4CE8BFA8-788F-45BC-9AB5-DDE4D5612DEF}"
EndProject
Project("{FAE04EC0-301F-11D3-BF4B-00C04F79EFBC}") = "AddTwoNumber.Tests", "AddTwoNumber.Tests\AddTwoNumber.Tests.csproj", "{9857FBED-AF73-4E64-AE37-6F320A4D0314}"
EndProject
Global
	GlobalSection(SolutionConfigurationPlatforms) = preSolution
		Debug|Any CPU = Debug|Any CPU
		Debug|x64 = Debug|x64
		Debug|x86 = Debug|x86
		Release|Any CPU = Release|Any CPU
		Release|x64 = Release|x64
		Release|x86 = Release|x86
	EndGlobalSection
	GlobalSection(ProjectConfigurationPlatforms) = postSolution
		{4CE8BFA8-788F-45BC-9AB5-DDE4D5612DEF}.Debug|Any CPU.ActiveCfg = Debug|Any CPU
		{4CE8BFA8-788F-45BC-9AB5-DDE4D5612DEF}.Debug|Any CPU.Build.0 = Debug|Any CPU
		{4CE8BFA8-788F-45BC-9AB5-DDE4D5612DEF}.Debug|x64.ActiveCfg = Debug|Any CPU
		{4CE8BFA8-788F-45BC-9AB5-DDE4D5612DEF}.Debug|x64.Build.0 = Debug|Any CPU
		{4CE8BFA8-788F-45BC-9AB5-DDE4D5612DEF}.Debug|x86.ActiveCfg = Debug|Any CPU
		{4CE8BFA8-788F-45BC-9AB5-DDE4D5612DEF}.Debug|x86.Build.0 = Debug|Any CPU
		{4CE8BFA8-788F-45BC-9AB5-DDE4D5612DEF}.Release|Any CPU.ActiveCfg = Release|Any CPU
		{4CE8BFA8-788F-45BC-9AB5-DDE4D5612DEF}.Release|Any CPU.Build.0 = Release|Any CPU
		{4CE8BFA8-788F-45BC-9AB5-DDE4D5612DEF}.Release|x64.ActiveCfg = Release|Any CPU
		{4CE8BFA8-788F-45BC-9AB5-DDE4D5612DEF}.Release|x64.Build.0 = Release|Any CPU
		{4CE8BFA8-788F-45BC-9AB5-DDE4D5612DEF}.Release|x86.ActiveCfg = Release|Any CPU
		{4CE8BFA8-788F-45BC-9AB5-DDE4D5612DEF}.Release|x86.Build.0 = Release|Any CPU
		{9857FBED-AF73-4E64-AE37-6F320A4D0314}.Debug|Any CPU.ActiveCfg = Debug|Any CPU
		{9857FBED-AF73-4E64-AE37-6F320A4D0314}.Debug|Any CPU.Build.0 = Debug|Any CPU
		{9857FBED-AF73-4E64-AE37-6F320A4D0314}.Debug|x64.ActiveCfg = Debug|Any CPU
		{9857FBED-AF73-4E64-AE37-6F320A4D0314}.Debug|x64.Build.0 = Debug|Any CPU
		{9857FBED-AF73-4E64-AE37-6F320A4D0314}.Debug|x86.ActiveCfg = Debug|Any CPU
		{9857FBED-AF73-4E64-AE37-6F320A4D0314}.Debug|x86.Build.0 = Debug|Any CPU
		{9857FBED-AF73-4E64-AE37-6F320A4D0314}.Release|Any CPU.ActiveCfg = Release|Any CPU
		{9857FBED-AF73-4E64-AE37-6F320A4D0314}.Release|Any CPU.Build.0 = Release|Any CPU
		{9857FBED-AF73-4E64-AE37-6F320A4D0314}.Release|x64.ActiveCfg = Release|Any CPU
		{9857FBED-AF73-4E64-AE37-6F320A4D0314}.Release|x64.Build.0 = Release|Any CPU
		{9857FBED-AF73-4E64-AE37-6F320A4D0314}.Release|x86.ActiveCfg = Release|Any CPU
		{9857FBED-AF73-4E64-AE37-6F320A4D0314}.Release|x86.Build.0 = Release|Any CPU
	EndGlobalSection
	GlobalSection(SolutionProperties) = preSolution
		HideSolutionNode = FALSE
	EndGlobalSection
EndGlobal
